
Microsoft Visual Studio Solution File, Format Version 12.00
# Visual Studio Version 16
VisualStudioVersion = 16.0.30523.141
MinimumVisualStudioVersion = 10.0.40219.1
Project("{FAE04EC0-301F-11D3-BF4B-00C04F79EFBC}") = "Windows", "Windows\Windows.csproj", "{DE944C83-5CFA-4502-8ED3-A3971C63063B}"
EndProject
Global
	GlobalSection(SolutionConfigurationPlatforms) = preSolution
		Debug|Any CPU = Debug|Any CPU
		Release|Any CPU = Release|Any CPU
	EndGlobalSection
	GlobalSection(ProjectConfigurationPlatforms) = postSolution
		{DE944C83-5CFA-4502-8ED3-A3971C63063B}.Debug|Any CPU.ActiveCfg = Debug|Any CPU
		{DE944C83-5CFA-4502-8ED3-A3971C63063B}.Debug|Any CPU.Build.0 = Debug|Any CPU
		{DE944C83-5CFA-4502-8ED3-A3971C63063B}.Release|Any CPU.ActiveCfg = Release|Any CPU
		{DE944C83-5CFA-4502-8ED3-A3971C63063B}.Release|Any CPU.Build.0 = Release|Any CPU
	EndGlobalSection
	GlobalSection(SolutionProperties) = preSolution
		HideSolutionNode = FALSE
	EndGlobalSection
	GlobalSection(ExtensibilityGlobals) = postSolution
		SolutionGuid = {EE8F1B60-1F08-49FD-B23C-BFAED0834887}
	EndGlobalSection
EndGlobal
